
Microsoft Visual Studio Solution File, Format Version 12.00
# Visual Studio Version 17
VisualStudioVersion = 17.6.33606.364
MinimumVisualStudioVersion = 10.0.40219.1
Project("{9A19103F-16F7-4668-BE54-9A1E7A4F7556}") = "Plankton.API", "src\Back\Plankton.API\Plankton.API.csproj", "{AF41F853-C839-411C-8941-B21229671E89}"
EndProject
Project("{FAE04EC0-301F-11D3-BF4B-00C04F79EFBC}") = "Whale.Maui", "src\Front\Whale.Maui\Whale.Maui.csproj", "{BA506113-B1B3-4926-8545-FE145CBF2198}"
EndProject
Project("{FAE04EC0-301F-11D3-BF4B-00C04F79EFBC}") = "Plankton.DTO", "src\Kernel\Plankton.DTO\Plankton.DTO.csproj", "{61BC57AD-4642-455B-AD96-78CF65F506AF}"
EndProject
Project("{FAE04EC0-301F-11D3-BF4B-00C04F79EFBC}") = "Plankton.RaceHelper", "src\Kernel\Plankton.RaceHelper\Plankton.RaceHelper.csproj", "{29876742-2C97-4A40-A254-A77507E09929}"
EndProject
Project("{FAE04EC0-301F-11D3-BF4B-00C04F79EFBC}") = "Plankton.CryptoHelper", "src\Kernel\Plankton.CryptoHelper\Plankton.CryptoHelper.csproj", "{3B5B142D-65E7-4EDE-9DED-BBB81E44C794}"
EndProject
Global
	GlobalSection(SolutionConfigurationPlatforms) = preSolution
		Debug|Any CPU = Debug|Any CPU
		Release|Any CPU = Release|Any CPU
	EndGlobalSection
	GlobalSection(ProjectConfigurationPlatforms) = postSolution
		{AF41F853-C839-411C-8941-B21229671E89}.Debug|Any CPU.ActiveCfg = Debug|Any CPU
		{AF41F853-C839-411C-8941-B21229671E89}.Debug|Any CPU.Build.0 = Debug|Any CPU
		{AF41F853-C839-411C-8941-B21229671E89}.Release|Any CPU.ActiveCfg = Release|Any CPU
		{AF41F853-C839-411C-8941-B21229671E89}.Release|Any CPU.Build.0 = Release|Any CPU
		{BA506113-B1B3-4926-8545-FE145CBF2198}.Debug|Any CPU.ActiveCfg = Debug|Any CPU
		{BA506113-B1B3-4926-8545-FE145CBF2198}.Debug|Any CPU.Build.0 = Debug|Any CPU
		{BA506113-B1B3-4926-8545-FE145CBF2198}.Debug|Any CPU.Deploy.0 = Debug|Any CPU
		{BA506113-B1B3-4926-8545-FE145CBF2198}.Release|Any CPU.ActiveCfg = Release|Any CPU
		{BA506113-B1B3-4926-8545-FE145CBF2198}.Release|Any CPU.Build.0 = Release|Any CPU
		{BA506113-B1B3-4926-8545-FE145CBF2198}.Release|Any CPU.Deploy.0 = Release|Any CPU
		{61BC57AD-4642-455B-AD96-78CF65F506AF}.Debug|Any CPU.ActiveCfg = Debug|Any CPU
		{61BC57AD-4642-455B-AD96-78CF65F506AF}.Debug|Any CPU.Build.0 = Debug|Any CPU
		{61BC57AD-4642-455B-AD96-78CF65F506AF}.Release|Any CPU.ActiveCfg = Release|Any CPU
		{61BC57AD-4642-455B-AD96-78CF65F506AF}.Release|Any CPU.Build.0 = Release|Any CPU
		{29876742-2C97-4A40-A254-A77507E09929}.Debug|Any CPU.ActiveCfg = Debug|Any CPU
		{29876742-2C97-4A40-A254-A77507E09929}.Debug|Any CPU.Build.0 = Debug|Any CPU
		{29876742-2C97-4A40-A254-A77507E09929}.Release|Any CPU.ActiveCfg = Release|Any CPU
		{29876742-2C97-4A40-A254-A77507E09929}.Release|Any CPU.Build.0 = Release|Any CPU
		{3B5B142D-65E7-4EDE-9DED-BBB81E44C794}.Debug|Any CPU.ActiveCfg = Debug|Any CPU
		{3B5B142D-65E7-4EDE-9DED-BBB81E44C794}.Debug|Any CPU.Build.0 = Debug|Any CPU
		{3B5B142D-65E7-4EDE-9DED-BBB81E44C794}.Release|Any CPU.ActiveCfg = Release|Any CPU
		{3B5B142D-65E7-4EDE-9DED-BBB81E44C794}.Release|Any CPU.Build.0 = Release|Any CPU
	EndGlobalSection
	GlobalSection(SolutionProperties) = preSolution
		HideSolutionNode = FALSE
	EndGlobalSection
	GlobalSection(ExtensibilityGlobals) = postSolution
		SolutionGuid = {F70C9C24-72B2-4F63-970D-9B946BF3ABA2}
	EndGlobalSection
EndGlobal
